
Microsoft Visual Studio Solution File, Format Version 12.00
# Visual Studio Version 16
VisualStudioVersion = 16.0.31205.134
MinimumVisualStudioVersion = 10.0.40219.1
Project("{FAE04EC0-301F-11D3-BF4B-00C04F79EFBC}") = "HideInventorySlots", "HideInventorySlots\HideInventorySlots.csproj", "{7EDB2E02-B6C4-4ADA-804A-7E7AD8EB6DD0}"
EndProject
Project("{2150E333-8FDC-42A3-9474-1A3956D46DE8}") = "Solution Items", "Solution Items", "{B39AD44F-B8AA-4BE8-BC06-2E3F56321A46}"
	ProjectSection(SolutionItems) = preProject
		buildDeploy.bat = buildDeploy.bat
		buildRelease.bat = buildRelease.bat
		ChangeLog.md = ChangeLog.md
		HideInventorySlots.version = HideInventorySlots.version
	EndProjectSection
EndProject
Project("{2150E333-8FDC-42A3-9474-1A3956D46DE8}") = "Localization", "Localization", "{FA9F932C-A779-4DE8-976D-C51A7014963D}"
	ProjectSection(SolutionItems) = preProject
		GameData\HideInventorySlots\Localization\en-us.cfg = GameData\HideInventorySlots\Localization\en-us.cfg
		GameData\HideInventorySlots\Localization\ru.cfg = GameData\HideInventorySlots\Localization\ru.cfg
	EndProjectSection
EndProject
Global
	GlobalSection(SolutionConfigurationPlatforms) = preSolution
		Debug|Any CPU = Debug|Any CPU
		Release|Any CPU = Release|Any CPU
	EndGlobalSection
	GlobalSection(ProjectConfigurationPlatforms) = postSolution
		{7EDB2E02-B6C4-4ADA-804A-7E7AD8EB6DD0}.Debug|Any CPU.ActiveCfg = Debug|Any CPU
		{7EDB2E02-B6C4-4ADA-804A-7E7AD8EB6DD0}.Debug|Any CPU.Build.0 = Debug|Any CPU
		{7EDB2E02-B6C4-4ADA-804A-7E7AD8EB6DD0}.Release|Any CPU.ActiveCfg = Release|Any CPU
		{7EDB2E02-B6C4-4ADA-804A-7E7AD8EB6DD0}.Release|Any CPU.Build.0 = Release|Any CPU
	EndGlobalSection
	GlobalSection(SolutionProperties) = preSolution
		HideSolutionNode = FALSE
	EndGlobalSection
	GlobalSection(ExtensibilityGlobals) = postSolution
		SolutionGuid = {BBD1E8C8-72CB-42DD-843C-EC52EEB76B0F}
	EndGlobalSection
EndGlobal
